// !$*UTF8*$!
{
	archiveVersion = 1;
	classes = {
	};
	objectVersion = 50;
	objects = {

/* Begin PBXBuildFile section */
		1871036126FF2B6E004F7873 /* RecipeAppApp.swift in Sources */ = {isa = PBXBuildFile; fileRef = 1871036026FF2B6E004F7873 /* RecipeAppApp.swift */; };
		1871036326FF2B6E004F7873 /* ContentView.swift in Sources */ = {isa = PBXBuildFile; fileRef = 1871036226FF2B6E004F7873 /* ContentView.swift */; };
		1871036526FF2B74004F7873 /* Assets.xcassets in Resources */ = {isa = PBXBuildFile; fileRef = 1871036426FF2B74004F7873 /* Assets.xcassets */; };
		1871036826FF2B74004F7873 /* Preview Assets.xcassets in Resources */ = {isa = PBXBuildFile; fileRef = 1871036726FF2B74004F7873 /* Preview Assets.xcassets */; };
		1871037D26FF2D25004F7873 /* recipes.json in Resources */ = {isa = PBXBuildFile; fileRef = 1871037C26FF2D0B004F7873 /* recipes.json */; };
		1871037F26FF2FF5004F7873 /* Model.swift in Sources */ = {isa = PBXBuildFile; fileRef = 1871037E26FF2FF5004F7873 /* Model.swift */; };
		1871038126FF3000004F7873 /* ViewModel.swift in Sources */ = {isa = PBXBuildFile; fileRef = 1871038026FF3000004F7873 /* ViewModel.swift */; };
		1871038326FF33B0004F7873 /* Service.swift in Sources */ = {isa = PBXBuildFile; fileRef = 1871038226FF33B0004F7873 /* Service.swift */; };
		187103A427000337004F7873 /* SubView.swift in Sources */ = {isa = PBXBuildFile; fileRef = 187103A327000337004F7873 /* SubView.swift */; };
/* End PBXBuildFile section */

/* Begin PBXFileReference section */
		1871035D26FF2B6E004F7873 /* RecipeApp.app */ = {isa = PBXFileReference; explicitFileType = wrapper.application; includeInIndex = 0; path = RecipeApp.app; sourceTree = BUILT_PRODUCTS_DIR; };
		1871036026FF2B6E004F7873 /* RecipeAppApp.swift */ = {isa = PBXFileReference; lastKnownFileType = sourcecode.swift; path = RecipeAppApp.swift; sourceTree = "<group>"; };
		1871036226FF2B6E004F7873 /* ContentView.swift */ = {isa = PBXFileReference; lastKnownFileType = sourcecode.swift; path = ContentView.swift; sourceTree = "<group>"; };
		1871036426FF2B74004F7873 /* Assets.xcassets */ = {isa = PBXFileReference; lastKnownFileType = folder.assetcatalog; path = Assets.xcassets; sourceTree = "<group>"; };
		1871036726FF2B74004F7873 /* Preview Assets.xcassets */ = {isa = PBXFileReference; lastKnownFileType = folder.assetcatalog; path = "Preview Assets.xcassets"; sourceTree = "<group>"; };
		1871036926FF2B74004F7873 /* Info.plist */ = {isa = PBXFileReference; lastKnownFileType = text.plist.xml; path = Info.plist; sourceTree = "<group>"; };
		1871037C26FF2D0B004F7873 /* recipes.json */ = {isa = PBXFileReference; lastKnownFileType = text.json; name = recipes.json; path = "../../../../Downloads/RecipeListApp Resources/recipes.json"; sourceTree = "<group>"; };
		1871037E26FF2FF5004F7873 /* Model.swift */ = {isa = PBXFileReference; lastKnownFileType = sourcecode.swift; path = Model.swift; sourceTree = "<group>"; };
		1871038026FF3000004F7873 /* ViewModel.swift */ = {isa = PBXFileReference; lastKnownFileType = sourcecode.swift; path = ViewModel.swift; sourceTree = "<group>"; };
		1871038226FF33B0004F7873 /* Service.swift */ = {isa = PBXFileReference; lastKnownFileType = sourcecode.swift; path = Service.swift; sourceTree = "<group>"; };
		187103A327000337004F7873 /* SubView.swift */ = {isa = PBXFileReference; lastKnownFileType = sourcecode.swift; path = SubView.swift; sourceTree = "<group>"; };
/* End PBXFileReference section */

/* Begin PBXFrameworksBuildPhase section */
		1871035A26FF2B6E004F7873 /* Frameworks */ = {
			isa = PBXFrameworksBuildPhase;
			buildActionMask = 2147483647;
			files = (
			);
			runOnlyForDeploymentPostprocessing = 0;
		};
/* End PBXFrameworksBuildPhase section */

/* Begin PBXGroup section */
		1871035426FF2B6E004F7873 = {
			isa = PBXGroup;
			children = (
				1871035F26FF2B6E004F7873 /* RecipeApp */,
				1871035E26FF2B6E004F7873 /* Products */,
			);
			sourceTree = "<group>";
		};
		1871035E26FF2B6E004F7873 /* Products */ = {
			isa = PBXGroup;
			children = (
				1871035D26FF2B6E004F7873 /* RecipeApp.app */,
			);
			name = Products;
			sourceTree = "<group>";
		};
		1871035F26FF2B6E004F7873 /* RecipeApp */ = {
			isa = PBXGroup;
			children = (
				1871036026FF2B6E004F7873 /* RecipeAppApp.swift */,
				1871037326FF2BA0004F7873 /* Data */,
				1871037226FF2B99004F7873 /* Service */,
				1871037126FF2B92004F7873 /* Model */,
				1871037026FF2B8B004F7873 /* View Model */,
				1871036F26FF2B81004F7873 /* View */,
				1871036926FF2B74004F7873 /* Info.plist */,
				1871036626FF2B74004F7873 /* Preview Content */,
			);
			path = RecipeApp;
			sourceTree = "<group>";
		};
		1871036626FF2B74004F7873 /* Preview Content */ = {
			isa = PBXGroup;
			children = (
				1871036726FF2B74004F7873 /* Preview Assets.xcassets */,
			);
			path = "Preview Content";
			sourceTree = "<group>";
		};
		1871036F26FF2B81004F7873 /* View */ = {
			isa = PBXGroup;
			children = (
				1871036226FF2B6E004F7873 /* ContentView.swift */,
				187103A327000337004F7873 /* SubView.swift */,
			);
			path = View;
			sourceTree = "<group>";
		};
		1871037026FF2B8B004F7873 /* View Model */ = {
			isa = PBXGroup;
			children = (
				1871038026FF3000004F7873 /* ViewModel.swift */,
			);
			path = "View Model";
			sourceTree = "<group>";
		};
		1871037126FF2B92004F7873 /* Model */ = {
			isa = PBXGroup;
			children = (
				1871037E26FF2FF5004F7873 /* Model.swift */,
			);
			path = Model;
			sourceTree = "<group>";
		};
		1871037226FF2B99004F7873 /* Service */ = {
			isa = PBXGroup;
			children = (
				1871038226FF33B0004F7873 /* Service.swift */,
			);
			path = Service;
			sourceTree = "<group>";
		};
		1871037326FF2BA0004F7873 /* Data */ = {
			isa = PBXGroup;
			children = (
				1871037C26FF2D0B004F7873 /* recipes.json */,
				1871036426FF2B74004F7873 /* Assets.xcassets */,
			);
			path = Data;
			sourceTree = "<group>";
		};
/* End PBXGroup section */

/* Begin PBXNativeTarget section */
		1871035C26FF2B6E004F7873 /* RecipeApp */ = {
			isa = PBXNativeTarget;
			buildConfigurationList = 1871036C26FF2B74004F7873 /* Build configuration list for PBXNativeTarget "RecipeApp" */;
			buildPhases = (
				1871035926FF2B6E004F7873 /* Sources */,
				1871035A26FF2B6E004F7873 /* Frameworks */,
				1871035B26FF2B6E004F7873 /* Resources */,
			);
			buildRules = (
			);
			dependencies = (
			);
			name = RecipeApp;
			productName = RecipeApp;
			productReference = 1871035D26FF2B6E004F7873 /* RecipeApp.app */;
			productType = "com.apple.product-type.application";
		};
/* End PBXNativeTarget section */

/* Begin PBXProject section */
		1871035526FF2B6E004F7873 /* Project object */ = {
			isa = PBXProject;
			attributes = {
				LastSwiftUpdateCheck = 1250;
				LastUpgradeCheck = 1250;
				TargetAttributes = {
					1871035C26FF2B6E004F7873 = {
						CreatedOnToolsVersion = 12.5.1;
					};
				};
			};
			buildConfigurationList = 1871035826FF2B6E004F7873 /* Build configuration list for PBXProject "RecipeApp" */;
			compatibilityVersion = "Xcode 9.3";
			developmentRegion = en;
			hasScannedForEncodings = 0;
			knownRegions = (
				en,
				Base,
			);
			mainGroup = 1871035426FF2B6E004F7873;
			productRefGroup = 1871035E26FF2B6E004F7873 /* Products */;
			projectDirPath = "";
			projectRoot = "";
			targets = (
				1871035C26FF2B6E004F7873 /* RecipeApp */,
			);
		};
/* End PBXProject section */

/* Begin PBXResourcesBuildPhase section */
		1871035B26FF2B6E004F7873 /* Resources */ = {
			isa = PBXResourcesBuildPhase;
			buildActionMask = 2147483647;
			files = (
				1871036826FF2B74004F7873 /* Preview Assets.xcassets in Resources */,
				1871037D26FF2D25004F7873 /* recipes.json in Resources */,
				1871036526FF2B74004F7873 /* Assets.xcassets in Resources */,
			);
			runOnlyForDeploymentPostprocessing = 0;
		};
/* End PBXResourcesBuildPhase section */

/* Begin PBXSourcesBuildPhase section */
		1871035926FF2B6E004F7873 /* Sources */ = {
			isa = PBXSourcesBuildPhase;
			buildActionMask = 2147483647;
			files = (
				1871037F26FF2FF5004F7873 /* Model.swift in Sources */,
				1871036326FF2B6E004F7873 /* ContentView.swift in Sources */,
				1871038326FF33B0004F7873 /* Service.swift in Sources */,
				187103A427000337004F7873 /* SubView.swift in Sources */,
				1871038126FF3000004F7873 /* ViewModel.swift in Sources */,
				1871036126FF2B6E004F7873 /* RecipeAppApp.swift in Sources */,
			);
			runOnlyForDeploymentPostprocessing = 0;
		};
/* End PBXSourcesBuildPhase section */

/* Begin XCBuildConfiguration section */
		1871036A26FF2B74004F7873 /* Debug */ = {
			isa = XCBuildConfiguration;
			buildSettings = {
				ALWAYS_SEARCH_USER_PATHS = NO;
				CLANG_ANALYZER_NONNULL = YES;
				CLANG_ANALYZER_NUMBER_OBJECT_CONVERSION = YES_AGGRESSIVE;
				CLANG_CXX_LANGUAGE_STANDARD = "gnu++14";
				CLANG_CXX_LIBRARY = "libc++";
				CLANG_ENABLE_MODULES = YES;
				CLANG_ENABLE_OBJC_ARC = YES;
				CLANG_ENABLE_OBJC_WEAK = YES;
				CLANG_WARN_BLOCK_CAPTURE_AUTORELEASING = YES;
				CLANG_WARN_BOOL_CONVERSION = YES;
				CLANG_WARN_COMMA = YES;
				CLANG_WARN_CONSTANT_CONVERSION = YES;
				CLANG_WARN_DEPRECATED_OBJC_IMPLEMENTATIONS = YES;
				CLANG_WARN_DIRECT_OBJC_ISA_USAGE = YES_ERROR;
				CLANG_WARN_DOCUMENTATION_COMMENTS = YES;
				CLANG_WARN_EMPTY_BODY = YES;
				CLANG_WARN_ENUM_CONVERSION = YES;
				CLANG_WARN_INFINITE_RECURSION = YES;
				CLANG_WARN_INT_CONVERSION = YES;
				CLANG_WARN_NON_LITERAL_NULL_CONVERSION = YES;
				CLANG_WARN_OBJC_IMPLICIT_RETAIN_SELF = YES;
				CLANG_WARN_OBJC_LITERAL_CONVERSION = YES;
				CLANG_WARN_OBJC_ROOT_CLASS = YES_ERROR;
				CLANG_WARN_QUOTED_INCLUDE_IN_FRAMEWORK_HEADER = YES;
				CLANG_WARN_RANGE_LOOP_ANALYSIS = YES;
				CLANG_WARN_STRICT_PROTOTYPES = YES;
				CLANG_WARN_SUSPICIOUS_MOVE = YES;
				CLANG_WARN_UNGUARDED_AVAILABILITY = YES_AGGRESSIVE;
				CLANG_WARN_UNREACHABLE_CODE = YES;
				CLANG_WARN__DUPLICATE_METHOD_MATCH = YES;
				COPY_PHASE_STRIP = NO;
				DEBUG_INFORMATION_FORMAT = dwarf;
				ENABLE_STRICT_OBJC_MSGSEND = YES;
				ENABLE_TESTABILITY = YES;
				GCC_C_LANGUAGE_STANDARD = gnu11;
				GCC_DYNAMIC_NO_PIC = NO;
				GCC_NO_COMMON_BLOCKS = YES;
				GCC_OPTIMIZATION_LEVEL = 0;
				GCC_PREPROCESSOR_DEFINITIONS = (
					"DEBUG=1",
					"$(inherited)",
				);
				GCC_WARN_64_TO_32_BIT_CONVERSION = YES;
				GCC_WARN_ABOUT_RETURN_TYPE = YES_ERROR;
				GCC_WARN_UNDECLARED_SELECTOR = YES;
				GCC_WARN_UNINITIALIZED_AUTOS = YES_AGGRESSIVE;
				GCC_WARN_UNUSED_FUNCTION = YES;
				GCC_WARN_UNUSED_VARIABLE = YES;
				IPHONEOS_DEPLOYMENT_TARGET = 14.5;
				MTL_ENABLE_DEBUG_INFO = INCLUDE_SOURCE;
				MTL_FAST_MATH = YES;
				ONLY_ACTIVE_ARCH = YES;
				SDKROOT = iphoneos;
				SWIFT_ACTIVE_COMPILATION_CONDITIONS = DEBUG;
				SWIFT_OPTIMIZATION_LEVEL = "-Onone";
			};
			name = Debug;
		};
		1871036B26FF2B74004F7873 /* Release */ = {
			isa = XCBuildConfiguration;
			buildSettings = {
				ALWAYS_SEARCH_USER_PATHS = NO;
				CLANG_ANALYZER_NONNULL = YES;
				CLANG_ANALYZER_NUMBER_OBJECT_CONVERSION = YES_AGGRESSIVE;
				CLANG_CXX_LANGUAGE_STANDARD = "gnu++14";
				CLANG_CXX_LIBRARY = "libc++";
				CLANG_ENABLE_MODULES = YES;
				CLANG_ENABLE_OBJC_ARC = YES;
				CLANG_ENABLE_OBJC_WEAK = YES;
				CLANG_WARN_BLOCK_CAPTURE_AUTORELEASING = YES;
				CLANG_WARN_BOOL_CONVERSION = YES;
				CLANG_WARN_COMMA = YES;
				CLANG_WARN_CONSTANT_CONVERSION = YES;
				CLANG_WARN_DEPRECATED_OBJC_IMPLEMENTATIONS = YES;
				CLANG_WARN_DIRECT_OBJC_ISA_USAGE = YES_ERROR;
				CLANG_WARN_DOCUMENTATION_COMMENTS = YES;
				CLANG_WARN_EMPTY_BODY = YES;
				CLANG_WARN_ENUM_CONVERSION = YES;
				CLANG_WARN_INFINITE_RECURSION = YES;
				CLANG_WARN_INT_CONVERSION = YES;
				CLANG_WARN_NON_LITERAL_NULL_CONVERSION = YES;
				CLANG_WARN_OBJC_IMPLICIT_RETAIN_SELF = YES;
				CLANG_WARN_OBJC_LITERAL_CONVERSION = YES;
				CLANG_WARN_OBJC_ROOT_CLASS = YES_ERROR;
				CLANG_WARN_QUOTED_INCLUDE_IN_FRAMEWORK_HEADER = YES;
				CLANG_WARN_RANGE_LOOP_ANALYSIS = YES;
				CLANG_WARN_STRICT_PROTOTYPES = YES;
				CLANG_WARN_SUSPICIOUS_MOVE = YES;
				CLANG_WARN_UNGUARDED_AVAILABILITY = YES_AGGRESSIVE;
				CLANG_WARN_UNREACHABLE_CODE = YES;
				CLANG_WARN__DUPLICATE_METHOD_MATCH = YES;
				COPY_PHASE_STRIP = NO;
				DEBUG_INFORMATION_FORMAT = "dwarf-with-dsym";
				ENABLE_NS_ASSERTIONS = NO;
				ENABLE_STRICT_OBJC_MSGSEND = YES;
				GCC_C_LANGUAGE_STANDARD = gnu11;
				GCC_NO_COMMON_BLOCKS = YES;
				GCC_WARN_64_TO_32_BIT_CONVERSION = YES;
				GCC_WARN_ABOUT_RETURN_TYPE = YES_ERROR;
				GCC_WARN_UNDECLARED_SELECTOR = YES;
				GCC_WARN_UNINITIALIZED_AUTOS = YES_AGGRESSIVE;
				GCC_WARN_UNUSED_FUNCTION = YES;
				GCC_WARN_UNUSED_VARIABLE = YES;
				IPHONEOS_DEPLOYMENT_TARGET = 14.5;
				MTL_ENABLE_DEBUG_INFO = NO;
				MTL_FAST_MATH = YES;
				SDKROOT = iphoneos;
				SWIFT_COMPILATION_MODE = wholemodule;
				SWIFT_OPTIMIZATION_LEVEL = "-O";
				VALIDATE_PRODUCT = YES;
			};
			name = Release;
		};
		1871036D26FF2B74004F7873 /* Debug */ = {
			isa = XCBuildConfiguration;
			buildSettings = {
				ASSETCATALOG_COMPILER_APPICON_NAME = AppIcon;
				ASSETCATALOG_COMPILER_GLOBAL_ACCENT_COLOR_NAME = AccentColor;
				CODE_SIGN_STYLE = Automatic;
				DEVELOPMENT_ASSET_PATHS = "\"RecipeApp/Preview Content\"";
				DEVELOPMENT_TEAM = N3BDV35RAQ;
				ENABLE_PREVIEWS = YES;
				INFOPLIST_FILE = RecipeApp/Info.plist;
				IPHONEOS_DEPLOYMENT_TARGET = 14.0;
				LD_RUNPATH_SEARCH_PATHS = (
					"$(inherited)",
					"@executable_path/Frameworks",
				);
				PRODUCT_BUNDLE_IDENTIFIER = com.steveyang78.RecipeApp;
				PRODUCT_NAME = "$(TARGET_NAME)";
				SWIFT_VERSION = 5.0;
				TARGETED_DEVICE_FAMILY = "1,2";
			};
			name = Debug;
		};
		1871036E26FF2B74004F7873 /* Release */ = {
			isa = XCBuildConfiguration;
			buildSettings = {
				ASSETCATALOG_COMPILER_APPICON_NAME = AppIcon;
				ASSETCATALOG_COMPILER_GLOBAL_ACCENT_COLOR_NAME = AccentColor;
				CODE_SIGN_STYLE = Automatic;
				DEVELOPMENT_ASSET_PATHS = "\"RecipeApp/Preview Content\"";
				DEVELOPMENT_TEAM = N3BDV35RAQ;
				ENABLE_PREVIEWS = YES;
				INFOPLIST_FILE = RecipeApp/Info.plist;
				IPHONEOS_DEPLOYMENT_TARGET = 14.0;
				LD_RUNPATH_SEARCH_PATHS = (
					"$(inherited)",
					"@executable_path/Frameworks",
				);
				PRODUCT_BUNDLE_IDENTIFIER = com.steveyang78.RecipeApp;
				PRODUCT_NAME = "$(TARGET_NAME)";
				SWIFT_VERSION = 5.0;
				TARGETED_DEVICE_FAMILY = "1,2";
			};
			name = Release;
		};
/* End XCBuildConfiguration section */

/* Begin XCConfigurationList section */
		1871035826FF2B6E004F7873 /* Build configuration list for PBXProject "RecipeApp" */ = {
			isa = XCConfigurationList;
			buildConfigurations = (
				1871036A26FF2B74004F7873 /* Debug */,
				1871036B26FF2B74004F7873 /* Release */,
			);
			defaultConfigurationIsVisible = 0;
			defaultConfigurationName = Release;
		};
		1871036C26FF2B74004F7873 /* Build configuration list for PBXNativeTarget "RecipeApp" */ = {
			isa = XCConfigurationList;
			buildConfigurations = (
				1871036D26FF2B74004F7873 /* Debug */,
				1871036E26FF2B74004F7873 /* Release */,
			);
			defaultConfigurationIsVisible = 0;
			defaultConfigurationName = Release;
		};
/* End XCConfigurationList section */
	};
	rootObject = 1871035526FF2B6E004F7873 /* Project object */;
}
